alabaster==0.7.12
anyascii==0.1.7
asgiref==3.4.0
attrdict==2.0.1
attrs==20.3.0
Babel==2.9.0
beautifulsoup4==4.8.2
bleach==3.3.0
certifi==2020.12.5
chardet==3.0.4
commonmark==0.9.1
coverage==5.5
Django==3.1.8
django-admin-sortable2==0.7.8
django-appconf==1.0.4
django-apptemplates==1.5
django-cas-ng==4.1.1
django-cogwheels==0.3
django-compressor==2.4
django-compressor-autoprefixer==0.1.0
django-contrib-comments==2.1.0
django-dbml==0.5.0
django-debug-toolbar==3.2
django-filter==2.4.0
django-fullurl==1.1
django-modelcluster==5.1
django-replace-migrations==0.0.2
django-taggit==1.3.0
django-treebeard==4.5.1
djangorestframework==3.12.4
docutils==0.16
draftjs-exporter==2.1.7
et-xmlfile==1.0.1
filebrowser-safe==0.5.0
future==0.18.2
grappelli-safe==0.5.2
gunicorn==20.1.0
html5lib==1.1
icalendar==4.0.7
idna==2.10
imagesize==1.2.0
importlib-metadata==3.10.0
iniconfig==1.1.1
Jinja2==2.11.3
l18n==2020.6.1
ldap3==2.9
lxml==4.6.3
MarkupSafe==1.1.1
mysqlclient==2.0.3
numpy==1.19.5
oauthlib==3.1.0
opencv-python==4.5.1.48
openpyxl==3.0.7
packaging==20.9
Pillow==8.1.2
pluggy==0.13.1
psycopg2==2.8.6
pucas==0.7.0
py==1.10.0
pyasn1==0.4.8
Pygments==2.8.1
pyparsing==2.4.7
pytest==6.2.2
pytest-cov==2.11.1
pytest-django==4.1.0
pytest-ordering==0.6
pytest-sugar==0.9.4
python-cas==1.5.0
python-dateutil==2.8.1
pytz==2021.1
rcssmin==1.0.6
recommonmark==0.7.1
requests==2.25.1
requests-oauthlib==1.3.0
rjsmin==1.1.0
six==1.15.0
snowballstemmer==2.1.0
soupsieve==2.2.1
Sphinx==3.5.3
sphinxcontrib-applehelp==1.0.2
sphinxcontrib-devhelp==1.0.2
sphinxcontrib-htmlhelp==1.0.3
sphinxcontrib-jsmath==1.0.1
sphinxcontrib-qthelp==1.0.3
sphinxcontrib-serializinghtml==1.1.4
sqlparse==0.4.1
tablib==3.0.0
termcolor==1.1.0
toml==0.10.2
typing-extensions==3.7.4.3
tzlocal==2.1
urllib3==1.26.4
wagtail==2.12.3
wagtailmenus==3.0.2
webencodings==0.5.1
Willow==1.4
xlrd==2.0.1
XlsxWriter==1.3.8
xlwt==1.3.0
zipp==3.4.1
